
Microsoft Visual Studio Solution File, Format Version 12.00
# Visual Studio 15
VisualStudioVersion = 15.0.28307.779
MinimumVisualStudioVersion = 10.0.40219.1
Project("{FAE04EC0-301F-11D3-BF4B-00C04F79EFBC}") = "MvcProjectBankingHcl", "MvcProjectBankingHcl\MvcProjectBankingHcl.csproj", "{19EC4CB7-B2CB-47AC-A5F6-43C69A40DC9A}"
EndProject
Project("{FAE04EC0-301F-11D3-BF4B-00C04F79EFBC}") = "MvcProjectBankingHcl.Tests", "MvcProjectBankingHcl.Tests\MvcProjectBankingHcl.Tests.csproj", "{44AE9BA5-8F66-4CB0-B44B-B4401C4CADC4}"
EndProject
Global
	GlobalSection(SolutionConfigurationPlatforms) = preSolution
		Debug|Any CPU = Debug|Any CPU
		Release|Any CPU = Release|Any CPU
	EndGlobalSection
	GlobalSection(ProjectConfigurationPlatforms) = postSolution
		{19EC4CB7-B2CB-47AC-A5F6-43C69A40DC9A}.Debug|Any CPU.ActiveCfg = Debug|Any CPU
		{19EC4CB7-B2CB-47AC-A5F6-43C69A40DC9A}.Debug|Any CPU.Build.0 = Debug|Any CPU
		{19EC4CB7-B2CB-47AC-A5F6-43C69A40DC9A}.Release|Any CPU.ActiveCfg = Release|Any CPU
		{19EC4CB7-B2CB-47AC-A5F6-43C69A40DC9A}.Release|Any CPU.Build.0 = Release|Any CPU
		{44AE9BA5-8F66-4CB0-B44B-B4401C4CADC4}.Debug|Any CPU.ActiveCfg = Debug|Any CPU
		{44AE9BA5-8F66-4CB0-B44B-B4401C4CADC4}.Debug|Any CPU.Build.0 = Debug|Any CPU
		{44AE9BA5-8F66-4CB0-B44B-B4401C4CADC4}.Release|Any CPU.ActiveCfg = Release|Any CPU
		{44AE9BA5-8F66-4CB0-B44B-B4401C4CADC4}.Release|Any CPU.Build.0 = Release|Any CPU
	EndGlobalSection
	GlobalSection(SolutionProperties) = preSolution
		HideSolutionNode = FALSE
	EndGlobalSection
	GlobalSection(ExtensibilityGlobals) = postSolution
		SolutionGuid = {3EDBE48F-21E7-4118-A8E7-22FEB5CB2150}
	EndGlobalSection
EndGlobal
